
Microsoft Visual Studio Solution File, Format Version 12.00
# Visual Studio Version 16
VisualStudioVersion = 16.0.30323.103
MinimumVisualStudioVersion = 10.0.40219.1
Project("{9A19103F-16F7-4668-BE54-9A1E7A4F7556}") = "AutomaticKingdom", "AutomaticKingdom.csproj", "{47D578EA-30CD-48AB-AC9A-5AEC081FA726}"
EndProject
Project("{9A19103F-16F7-4668-BE54-9A1E7A4F7556}") = "EventHorizon.Blazor.BabylonJS.WASM", "EventHorizon.Blazor.BabylonJS.WASM\EventHorizon.Blazor.BabylonJS.WASM.csproj", "{4C95D49D-169D-4008-B8C3-4BA2FCD1B762}"
EndProject
Global
	GlobalSection(SolutionConfigurationPlatforms) = preSolution
		Debug|Any CPU = Debug|Any CPU
		Release|Any CPU = Release|Any CPU
	EndGlobalSection
	GlobalSection(ProjectConfigurationPlatforms) = postSolution
		{47D578EA-30CD-48AB-AC9A-5AEC081FA726}.Debug|Any CPU.ActiveCfg = Debug|Any CPU
		{47D578EA-30CD-48AB-AC9A-5AEC081FA726}.Debug|Any CPU.Build.0 = Debug|Any CPU
		{47D578EA-30CD-48AB-AC9A-5AEC081FA726}.Release|Any CPU.ActiveCfg = Release|Any CPU
		{47D578EA-30CD-48AB-AC9A-5AEC081FA726}.Release|Any CPU.Build.0 = Release|Any CPU
		{4C95D49D-169D-4008-B8C3-4BA2FCD1B762}.Debug|Any CPU.ActiveCfg = Debug|Any CPU
		{4C95D49D-169D-4008-B8C3-4BA2FCD1B762}.Debug|Any CPU.Build.0 = Debug|Any CPU
		{4C95D49D-169D-4008-B8C3-4BA2FCD1B762}.Release|Any CPU.ActiveCfg = Release|Any CPU
		{4C95D49D-169D-4008-B8C3-4BA2FCD1B762}.Release|Any CPU.Build.0 = Release|Any CPU
	EndGlobalSection
	GlobalSection(SolutionProperties) = preSolution
		HideSolutionNode = FALSE
	EndGlobalSection
	GlobalSection(ExtensibilityGlobals) = postSolution
		SolutionGuid = {EA2DFDE2-218E-4D83-A3CE-B1C6FD1C2B3A}
	EndGlobalSection
EndGlobal
